
Microsoft Visual Studio Solution File, Format Version 12.00
# Visual Studio Version 17
VisualStudioVersion = 17.11.35327.3
MinimumVisualStudioVersion = 10.0.40219.1
Project("{2150E333-8FDC-42A3-9474-1A3956D46DE8}") = "src", "src", "{102E7E67-F883-48F7-A85E-77989B32A989}"
EndProject
Project("{FAE04EC0-301F-11D3-BF4B-00C04F79EFBC}") = "YayZent.Abp.Application", "src\YayZent.Abp.Application\YayZent.Abp.Application.csproj", "{FA482E09-2129-4BB2-A9E4-71DA065301F4}"
EndProject
Project("{FAE04EC0-301F-11D3-BF4B-00C04F79EFBC}") = "YayZent.Abp.Application.Contracts", "src\YayZent.Abp.Application.Contracts\YayZent.Abp.Application.Contracts.csproj", "{391EB7E6-968D-4721-8780-E40E2F436E27}"
EndProject
Project("{FAE04EC0-301F-11D3-BF4B-00C04F79EFBC}") = "YayZent.Abp.Domain", "src\YayZent.Abp.Domain\YayZent.Abp.Domain.csproj", "{C009E91B-9E65-433C-BBF0-EEBF6BBA1C8D}"
EndProject
Project("{FAE04EC0-301F-11D3-BF4B-00C04F79EFBC}") = "YayZent.Abp.Domain.Shared", "src\YayZent.Abp.Domain.Shared\YayZent.Abp.Domain.Shared.csproj", "{3ED2725D-A659-42A6-A976-74DD60402F85}"
EndProject
Project("{FAE04EC0-301F-11D3-BF4B-00C04F79EFBC}") = "YayZent.Abp.SqlSugarCore", "src\YayZent.Abp.SqlSugarCore\YayZent.Abp.SqlSugarCore.csproj", "{5FA15624-1027-41B0-A115-174773EAA673}"
EndProject
Project("{FAE04EC0-301F-11D3-BF4B-00C04F79EFBC}") = "YayZent.Abp.Web", "src\YayZent.Abp.Web\YayZent.Abp.Web.csproj", "{95F7B072-E5E8-4AD2-BE8E-FCD3F4FF94E7}"
EndProject
Project("{2150E333-8FDC-42A3-9474-1A3956D46DE8}") = "framework", "framework", "{C8142E24-0CFD-4FF9-A5D4-E24961F5078F}"
EndProject
Project("{FAE04EC0-301F-11D3-BF4B-00C04F79EFBC}") = "YayZent.Framework.Ddd.Application", "framework\YayZent.Framework.Ddd.Application\YayZent.Framework.Ddd.Application.csproj", "{E50396F6-8064-4DA6-A70F-76D30AF18D08}"
EndProject
Project("{FAE04EC0-301F-11D3-BF4B-00C04F79EFBC}") = "YayZent.Framework.Ddd.Application.Contracts", "framework\YayZent.Framework.Ddd.Application.Contracts\YayZent.Framework.Ddd.Application.Contracts.csproj", "{0D5557FC-9CF8-4E01-B844-E59859347416}"
EndProject
Project("{2150E333-8FDC-42A3-9474-1A3956D46DE8}") = "moudle", "moudle", "{E1555A8F-35D2-4B73-9BD2-47216485ED0A}"
EndProject
Project("{2150E333-8FDC-42A3-9474-1A3956D46DE8}") = "blog", "blog", "{01E5DD37-10E8-4D17-AD02-61B124DEEF1C}"
EndProject
Project("{FAE04EC0-301F-11D3-BF4B-00C04F79EFBC}") = "YayZent.Framework.Blog.Application", "module\blog\YayZent.Framework.Blog.Application\YayZent.Framework.Blog.Application.csproj", "{DBFFF840-F885-4A57-B2CD-91AD46A4E692}"
EndProject
Project("{FAE04EC0-301F-11D3-BF4B-00C04F79EFBC}") = "YayZent.Framework.Blog.Application.Contracts", "module\blog\YayZent.Framework.Blog.Application.Contracts\YayZent.Framework.Blog.Application.Contracts.csproj", "{C9FFAF66-2031-45E5-8E0A-E0ED1AF39724}"
EndProject
Project("{FAE04EC0-301F-11D3-BF4B-00C04F79EFBC}") = "YayZent.Framework.Blog.Domain", "module\blog\YayZent.Framework.Blog.Domain\YayZent.Framework.Blog.Domain.csproj", "{EEAEDEFA-E765-4B0C-8251-AEA1CB3E9301}"
EndProject
Project("{FAE04EC0-301F-11D3-BF4B-00C04F79EFBC}") = "YayZent.Framework.Blog.Domain.Shared", "module\blog\YayZent.Framework.Blog.Domain.Shared\YayZent.Framework.Blog.Domain.Shared.csproj", "{71FA34EE-A384-485C-8080-B59F6B6EC52A}"
EndProject
Project("{FAE04EC0-301F-11D3-BF4B-00C04F79EFBC}") = "YayZent.Framework.Blog.SqlSugarCore", "module\blog\YayZent.Framework.Blog.SqlSugarCore\YayZent.Framework.Blog.SqlSugarCore.csproj", "{A679690D-B461-4012-B800-F41A5F79A6C5}"
EndProject
Project("{FAE04EC0-301F-11D3-BF4B-00C04F79EFBC}") = "YayZent.Framework.SqlSugarCore", "framework\YayZent.Framework.SqlSugarCore\YayZent.Framework.SqlSugarCore.csproj", "{C30A6D1B-A5D6-4132-AE11-5E3DC92984E1}"
EndProject
Project("{FAE04EC0-301F-11D3-BF4B-00C04F79EFBC}") = "YayZent.Framework.SqlSugarCore.Abstractions", "framework\YayZent.Framework.SqlSugarCore.Abstractions\YayZent.Framework.SqlSugarCore.Abstractions.csproj", "{42FBA59B-F914-4057-AFE5-5A3C9C2A6BE0}"
EndProject
Project("{2150E333-8FDC-42A3-9474-1A3956D46DE8}") = "test", "test", "{9B2D49E1-A817-42B9-917A-E6ECBFD0584E}"
EndProject
Project("{FAE04EC0-301F-11D3-BF4B-00C04F79EFBC}") = "YayZent.Framework.Core", "framework\YayZent.Framework.Core\YayZent.Framework.Core.csproj", "{8EE2607A-80DC-4855-AD4A-E6788ED54823}"
EndProject
Project("{FAE04EC0-301F-11D3-BF4B-00C04F79EFBC}") = "YayZent.Framework.AspNetCore", "framework\YayZent.Framework.AspNetCore\YayZent.Framework.AspNetCore.csproj", "{429074F6-6BB3-4047-A8F3-1CB71CC2E46C}"
EndProject
Project("{FAE04EC0-301F-11D3-BF4B-00C04F79EFBC}") = "YayZent.Framework.Core.File", "framework\YayZent.Framework.Core.File\YayZent.Framework.Core.File.csproj", "{AB8FDA1E-231E-4CD1-A15E-C737552075C2}"
EndProject
Project("{FAE04EC0-301F-11D3-BF4B-00C04F79EFBC}") = "YayZent.Framework.Core.Rendering", "framework\YayZent.Framework.Core.Rendering\YayZent.Framework.Core.Rendering.csproj", "{7EA77DE7-DBAD-45B5-89CC-6B9B95D7A28E}"
EndProject
Project("{2150E333-8FDC-42A3-9474-1A3956D46DE8}") = "audit-logging", "audit-logging", "{2FF962FF-3416-401C-BB70-411CEEDEEBC1}"
EndProject
Project("{FAE04EC0-301F-11D3-BF4B-00C04F79EFBC}") = "YayZent.Framework.AuditLogging.Domain", "module\audit-logging\YayZent.Framework.AuditLogging.Domain\YayZent.Framework.AuditLogging.Domain.csproj", "{ADDB8AD7-BCD7-4C43-AE9E-D7CE3D16E875}"
EndProject
Project("{FAE04EC0-301F-11D3-BF4B-00C04F79EFBC}") = "YayZent.Framework.AuditLogging.Domain.Shared", "module\audit-logging\YayZent.Framework.AuditLogging.Domain.Shared\YayZent.Framework.AuditLogging.Domain.Shared.csproj", "{BF7973C9-295F-4798-A46F-EA8A70B9BBE2}"
EndProject
Project("{FAE04EC0-301F-11D3-BF4B-00C04F79EFBC}") = "YayZent.Framework.AuditLogging.SqlSugarCore", "module\audit-logging\YayZent.Framework.AuditLogging.SqlSugarCore\YayZent.Framework.AuditLogging.SqlSugarCore.csproj", "{0A1C884A-F9A9-48CE-A8CD-8B4F605572F3}"
EndProject
Project("{2150E333-8FDC-42A3-9474-1A3956D46DE8}") = "tenant-management", "tenant-management", "{FAE0D6A9-9189-4927-B473-8130209FEA56}"
EndProject
Project("{FAE04EC0-301F-11D3-BF4B-00C04F79EFBC}") = "YayZent.Framework.TenantManagement.Application", "module\tenant-management\YayZent.Framework.TenantManagement.Application\YayZent.Framework.TenantManagement.Application.csproj", "{F8766FBF-5EA6-4B00-B048-1431F23FEFC8}"
EndProject
Project("{FAE04EC0-301F-11D3-BF4B-00C04F79EFBC}") = "YayZent.Framework.TenantManagement.Application.Contracts", "module\tenant-management\YayZent.Framework.TenantManagement.Application.Contracts\YayZent.Framework.TenantManagement.Application.Contracts.csproj", "{ED270422-1BA9-47C8-A2FE-F4A1AE156949}"
EndProject
Project("{FAE04EC0-301F-11D3-BF4B-00C04F79EFBC}") = "YayZent.Framework.TenantManagement.Domain", "module\tenant-management\YayZent.Framework.TenantManagement.Domain\YayZent.Framework.TenantManagement.Domain.csproj", "{29C7EEF9-CDCD-48D1-8353-73014D7F2659}"
EndProject
Project("{FAE04EC0-301F-11D3-BF4B-00C04F79EFBC}") = "YayZent.Framework.TenantManagement.SqlSugarCore", "module\tenant-management\YayZent.Framework.TenantManagement.SqlSugarCore\YayZent.Framework.TenantManagement.SqlSugarCore.csproj", "{65062608-B3DA-4DC3-AE74-9EADB0A92EA7}"
EndProject
Project("{FAE04EC0-301F-11D3-BF4B-00C04F79EFBC}") = "YayZent.Framework.Mapster", "framework\YayZent.Framework.Mapster\YayZent.Framework.Mapster.csproj", "{C791CBD1-CDB8-41DE-8412-28698FDDDE00}"
EndProject
Project("{2150E333-8FDC-42A3-9474-1A3956D46DE8}") = "rbac", "rbac", "{C9F95B5D-369F-4287-B154-899DFBFC4270}"
EndProject
Project("{FAE04EC0-301F-11D3-BF4B-00C04F79EFBC}") = "YayZent.Framework.Rbac.Application", "module\rbac\YayZent.Framework.Rbac.Application\YayZent.Framework.Rbac.Application.csproj", "{C9D9DA76-D506-4517-8BB0-E8CC5198B3C5}"
EndProject
Project("{FAE04EC0-301F-11D3-BF4B-00C04F79EFBC}") = "YayZent.Framework.Rbac.Application.Contracts", "module\rbac\YayZent.Framework.Rbac.Application.Contracts\YayZent.Framework.Rbac.Application.Contracts.csproj", "{A6DD4C82-78ED-4924-849D-5308F51C4B26}"
EndProject
Project("{FAE04EC0-301F-11D3-BF4B-00C04F79EFBC}") = "YayZent.Framework.Rbac.Domain", "module\rbac\YayZent.Framework.Rbac.Domain\YayZent.Framework.Rbac.Domain.csproj", "{6FC3A0AE-3CE2-40A5-B80C-D48B018EC253}"
EndProject
Project("{FAE04EC0-301F-11D3-BF4B-00C04F79EFBC}") = "YayZent.Framework.Rbac.Domain.Shared", "module\rbac\YayZent.Framework.Rbac.Domain.Shared\YayZent.Framework.Rbac.Domain.Shared.csproj", "{D6128530-E044-43C9-A86B-57F57F484D77}"
EndProject
Project("{FAE04EC0-301F-11D3-BF4B-00C04F79EFBC}") = "YayZent.Framework.Rbac.SqlSugarCore", "module\rbac\YayZent.Framework.Rbac.SqlSugarCore\YayZent.Framework.Rbac.SqlSugarCore.csproj", "{F6C3C42B-5D7B-4C8C-8930-08E07FC8AFB3}"
EndProject
Project("{FAE04EC0-301F-11D3-BF4B-00C04F79EFBC}") = "YayZent.Framework.Core.Sms", "framework\YayZent.Framework.Core.Sms\YayZent.Framework.Core.Sms.csproj", "{BF19EBF7-F759-414C-8788-C3366CECB4DC}"
EndProject
Project("{FAE04EC0-301F-11D3-BF4B-00C04F79EFBC}") = "YayZent.Abp.Infrastructure", "src\YayZent.Abp.Infrastructure\YayZent.Abp.Infrastructure.csproj", "{177C5006-6895-43E5-B968-AFB938605255}"
EndProject
Project("{FAE04EC0-301F-11D3-BF4B-00C04F79EFBC}") = "YayZent.Framework.Core.Email", "framework\YayZent.Framework.Core.Email\YayZent.Framework.Core.Email.csproj", "{8DE024D5-0FE0-4E0B-AC0E-A1BFD7F3CCB2}"
EndProject
Project("{2150E333-8FDC-42A3-9474-1A3956D46DE8}") = "auth", "auth", "{70F27C8C-E802-4405-914F-787AEADC26DE}"
EndProject
Project("{FAE04EC0-301F-11D3-BF4B-00C04F79EFBC}") = "YayZent.Framework.Auth.Application", "module\auth\YayZent.Framework.Auth.Application\YayZent.Framework.Auth.Application.csproj", "{1430D999-B376-40D4-BAA6-3E0135CC72ED}"
EndProject
Project("{FAE04EC0-301F-11D3-BF4B-00C04F79EFBC}") = "YayZent.Framework.Auth.Application.Contracts", "module\auth\YayZent.Framework.Auth.Application.Contracts\YayZent.Framework.Auth.Application.Contracts.csproj", "{04BE77AD-49A9-402D-87E1-A774B066F992}"
EndProject
Project("{FAE04EC0-301F-11D3-BF4B-00C04F79EFBC}") = "YayZent.Framework.Auth.Domain", "module\auth\YayZent.Framework.Auth.Domain\YayZent.Framework.Auth.Domain.csproj", "{5D0B9380-E377-4F24-8DAE-9EDCEC1265EE}"
EndProject
Project("{FAE04EC0-301F-11D3-BF4B-00C04F79EFBC}") = "YayZent.Framework.Auth.Domain.Shared", "module\auth\YayZent.Framework.Auth.Domain.Shared\YayZent.Framework.Auth.Domain.Shared.csproj", "{EEC287B8-3A64-482E-9115-FAF5F984AF93}"
EndProject
Project("{FAE04EC0-301F-11D3-BF4B-00C04F79EFBC}") = "YayZent.Framework.Auth.Infrastructure", "module\auth\YayZent.Framework.Auth.Infrastructure\YayZent.Framework.Auth.Infrastructure.csproj", "{53151488-80AA-4DED-85E4-94CC40F2D75F}"
EndProject
Project("{FAE04EC0-301F-11D3-BF4B-00C04F79EFBC}") = "YayZent.Framework.Auth.SqlSugarCore", "module\auth\YayZent.Framework.Auth.SqlSugarCore\YayZent.Framework.Auth.SqlSugarCore.csproj", "{BFF8BE79-65CF-46CC-8472-AE5CD30F2272}"
EndProject
Project("{2150E333-8FDC-42A3-9474-1A3956D46DE8}") = "bbs", "bbs", "{36B1BB9E-D6E8-4EF8-AB3B-643E5193488D}"
EndProject
Project("{FAE04EC0-301F-11D3-BF4B-00C04F79EFBC}") = "YayZent.Framework.Bbs.Application", "module\bbs\YayZent.Framework.Bbs.Application\YayZent.Framework.Bbs.Application.csproj", "{91599A32-9509-4CD4-B509-E9A014AB4664}"
EndProject
Project("{FAE04EC0-301F-11D3-BF4B-00C04F79EFBC}") = "YayZent.Framework.Bbs.Application.Contracts", "module\bbs\YayZent.Framework.Bbs.Application.Contracts\YayZent.Framework.Bbs.Application.Contracts.csproj", "{9312C188-7CE4-41C9-8C37-E468F091F283}"
EndProject
Project("{FAE04EC0-301F-11D3-BF4B-00C04F79EFBC}") = "YayZent.Framework.Bbs.Domain", "module\bbs\YayZent.Framework.Bbs.Domain\YayZent.Framework.Bbs.Domain.csproj", "{7F9267D2-7517-44A7-B3C5-29E2418B8F85}"
EndProject
Project("{FAE04EC0-301F-11D3-BF4B-00C04F79EFBC}") = "YayZent.Framework.Bbs.Domain.Shared", "module\bbs\YayZent.Framework.Bbs.Domain.Shared\YayZent.Framework.Bbs.Domain.Shared.csproj", "{A9310DE9-729B-4538-A4D5-01F3D134027C}"
EndProject
Project("{FAE04EC0-301F-11D3-BF4B-00C04F79EFBC}") = "YayZent.Framework.Bbs.SqlSugarCore", "module\bbs\YayZent.Framework.Bbs.SqlSugarCore\YayZent.Framework.Bbs.SqlSugarCore.csproj", "{E042D31C-1F00-47FC-9EFB-61D37CAAEEAB}"
EndProject
Project("{FAE04EC0-301F-11D3-BF4B-00C04F79EFBC}") = "Yayzent.Framework.BackgroundWorkers.Hangfire", "framework\Yayzent.Framework.BackgroundWorkers.Hangfire\Yayzent.Framework.BackgroundWorkers.Hangfire.csproj", "{3A4E5FF0-17D4-401C-A89B-B4EF6CB2A3E8}"
EndProject
Project("{FAE04EC0-301F-11D3-BF4B-00C04F79EFBC}") = "YayZent.Framework.Bbs.Infrastructure", "module\bbs\YayZent.Framework.Bbs.Infrastructure\YayZent.Framework.Bbs.Infrastructure.csproj", "{6BE4C698-F772-45F6-84B0-E9C1C866AC2C}"
EndProject
Global
	GlobalSection(SolutionProperties) = preSolution
		HideSolutionNode = FALSE
	EndGlobalSection
	GlobalSection(ExtensibilityGlobals) = postSolution
		SolutionGuid = {FAB1C0A1-0A13-4844-873E-27CB77EBD3E4}
	EndGlobalSection
	GlobalSection(NestedProjects) = preSolution
		{FA482E09-2129-4BB2-A9E4-71DA065301F4} = {102E7E67-F883-48F7-A85E-77989B32A989}
		{391EB7E6-968D-4721-8780-E40E2F436E27} = {102E7E67-F883-48F7-A85E-77989B32A989}
		{C009E91B-9E65-433C-BBF0-EEBF6BBA1C8D} = {102E7E67-F883-48F7-A85E-77989B32A989}
		{3ED2725D-A659-42A6-A976-74DD60402F85} = {102E7E67-F883-48F7-A85E-77989B32A989}
		{5FA15624-1027-41B0-A115-174773EAA673} = {102E7E67-F883-48F7-A85E-77989B32A989}
		{95F7B072-E5E8-4AD2-BE8E-FCD3F4FF94E7} = {102E7E67-F883-48F7-A85E-77989B32A989}
		{E50396F6-8064-4DA6-A70F-76D30AF18D08} = {C8142E24-0CFD-4FF9-A5D4-E24961F5078F}
		{0D5557FC-9CF8-4E01-B844-E59859347416} = {C8142E24-0CFD-4FF9-A5D4-E24961F5078F}
		{01E5DD37-10E8-4D17-AD02-61B124DEEF1C} = {E1555A8F-35D2-4B73-9BD2-47216485ED0A}
		{DBFFF840-F885-4A57-B2CD-91AD46A4E692} = {01E5DD37-10E8-4D17-AD02-61B124DEEF1C}
		{C9FFAF66-2031-45E5-8E0A-E0ED1AF39724} = {01E5DD37-10E8-4D17-AD02-61B124DEEF1C}
		{EEAEDEFA-E765-4B0C-8251-AEA1CB3E9301} = {01E5DD37-10E8-4D17-AD02-61B124DEEF1C}
		{71FA34EE-A384-485C-8080-B59F6B6EC52A} = {01E5DD37-10E8-4D17-AD02-61B124DEEF1C}
		{A679690D-B461-4012-B800-F41A5F79A6C5} = {01E5DD37-10E8-4D17-AD02-61B124DEEF1C}
		{C30A6D1B-A5D6-4132-AE11-5E3DC92984E1} = {C8142E24-0CFD-4FF9-A5D4-E24961F5078F}
		{42FBA59B-F914-4057-AFE5-5A3C9C2A6BE0} = {C8142E24-0CFD-4FF9-A5D4-E24961F5078F}
		{8EE2607A-80DC-4855-AD4A-E6788ED54823} = {C8142E24-0CFD-4FF9-A5D4-E24961F5078F}
		{429074F6-6BB3-4047-A8F3-1CB71CC2E46C} = {C8142E24-0CFD-4FF9-A5D4-E24961F5078F}
		{AB8FDA1E-231E-4CD1-A15E-C737552075C2} = {C8142E24-0CFD-4FF9-A5D4-E24961F5078F}
		{7EA77DE7-DBAD-45B5-89CC-6B9B95D7A28E} = {C8142E24-0CFD-4FF9-A5D4-E24961F5078F}
		{2FF962FF-3416-401C-BB70-411CEEDEEBC1} = {E1555A8F-35D2-4B73-9BD2-47216485ED0A}
		{ADDB8AD7-BCD7-4C43-AE9E-D7CE3D16E875} = {2FF962FF-3416-401C-BB70-411CEEDEEBC1}
		{BF7973C9-295F-4798-A46F-EA8A70B9BBE2} = {2FF962FF-3416-401C-BB70-411CEEDEEBC1}
		{0A1C884A-F9A9-48CE-A8CD-8B4F605572F3} = {2FF962FF-3416-401C-BB70-411CEEDEEBC1}
		{FAE0D6A9-9189-4927-B473-8130209FEA56} = {E1555A8F-35D2-4B73-9BD2-47216485ED0A}
		{F8766FBF-5EA6-4B00-B048-1431F23FEFC8} = {FAE0D6A9-9189-4927-B473-8130209FEA56}
		{ED270422-1BA9-47C8-A2FE-F4A1AE156949} = {FAE0D6A9-9189-4927-B473-8130209FEA56}
		{29C7EEF9-CDCD-48D1-8353-73014D7F2659} = {FAE0D6A9-9189-4927-B473-8130209FEA56}
		{65062608-B3DA-4DC3-AE74-9EADB0A92EA7} = {FAE0D6A9-9189-4927-B473-8130209FEA56}
		{C791CBD1-CDB8-41DE-8412-28698FDDDE00} = {C8142E24-0CFD-4FF9-A5D4-E24961F5078F}
		{C9F95B5D-369F-4287-B154-899DFBFC4270} = {E1555A8F-35D2-4B73-9BD2-47216485ED0A}
		{C9D9DA76-D506-4517-8BB0-E8CC5198B3C5} = {C9F95B5D-369F-4287-B154-899DFBFC4270}
		{A6DD4C82-78ED-4924-849D-5308F51C4B26} = {C9F95B5D-369F-4287-B154-899DFBFC4270}
		{6FC3A0AE-3CE2-40A5-B80C-D48B018EC253} = {C9F95B5D-369F-4287-B154-899DFBFC4270}
		{D6128530-E044-43C9-A86B-57F57F484D77} = {C9F95B5D-369F-4287-B154-899DFBFC4270}
		{F6C3C42B-5D7B-4C8C-8930-08E07FC8AFB3} = {C9F95B5D-369F-4287-B154-899DFBFC4270}
		{BF19EBF7-F759-414C-8788-C3366CECB4DC} = {C8142E24-0CFD-4FF9-A5D4-E24961F5078F}
		{177C5006-6895-43E5-B968-AFB938605255} = {102E7E67-F883-48F7-A85E-77989B32A989}
		{8DE024D5-0FE0-4E0B-AC0E-A1BFD7F3CCB2} = {C8142E24-0CFD-4FF9-A5D4-E24961F5078F}
		{70F27C8C-E802-4405-914F-787AEADC26DE} = {E1555A8F-35D2-4B73-9BD2-47216485ED0A}
		{1430D999-B376-40D4-BAA6-3E0135CC72ED} = {70F27C8C-E802-4405-914F-787AEADC26DE}
		{04BE77AD-49A9-402D-87E1-A774B066F992} = {70F27C8C-E802-4405-914F-787AEADC26DE}
		{5D0B9380-E377-4F24-8DAE-9EDCEC1265EE} = {70F27C8C-E802-4405-914F-787AEADC26DE}
		{EEC287B8-3A64-482E-9115-FAF5F984AF93} = {70F27C8C-E802-4405-914F-787AEADC26DE}
		{53151488-80AA-4DED-85E4-94CC40F2D75F} = {70F27C8C-E802-4405-914F-787AEADC26DE}
		{BFF8BE79-65CF-46CC-8472-AE5CD30F2272} = {70F27C8C-E802-4405-914F-787AEADC26DE}
		{36B1BB9E-D6E8-4EF8-AB3B-643E5193488D} = {E1555A8F-35D2-4B73-9BD2-47216485ED0A}
		{91599A32-9509-4CD4-B509-E9A014AB4664} = {36B1BB9E-D6E8-4EF8-AB3B-643E5193488D}
		{9312C188-7CE4-41C9-8C37-E468F091F283} = {36B1BB9E-D6E8-4EF8-AB3B-643E5193488D}
		{7F9267D2-7517-44A7-B3C5-29E2418B8F85} = {36B1BB9E-D6E8-4EF8-AB3B-643E5193488D}
		{A9310DE9-729B-4538-A4D5-01F3D134027C} = {36B1BB9E-D6E8-4EF8-AB3B-643E5193488D}
		{E042D31C-1F00-47FC-9EFB-61D37CAAEEAB} = {36B1BB9E-D6E8-4EF8-AB3B-643E5193488D}
		{3A4E5FF0-17D4-401C-A89B-B4EF6CB2A3E8} = {C8142E24-0CFD-4FF9-A5D4-E24961F5078F}
		{6BE4C698-F772-45F6-84B0-E9C1C866AC2C} = {36B1BB9E-D6E8-4EF8-AB3B-643E5193488D}
	EndGlobalSection
	GlobalSection(ProjectConfigurationPlatforms) = postSolution
		{FA482E09-2129-4BB2-A9E4-71DA065301F4}.|Any CPU.ActiveCfg = |Any CPU
		{FA482E09-2129-4BB2-A9E4-71DA065301F4}.|Any CPU.Build.0 = |Any CPU
		{391EB7E6-968D-4721-8780-E40E2F436E27}.|Any CPU.ActiveCfg = |Any CPU
		{391EB7E6-968D-4721-8780-E40E2F436E27}.|Any CPU.Build.0 = |Any CPU
		{C009E91B-9E65-433C-BBF0-EEBF6BBA1C8D}.|Any CPU.ActiveCfg = |Any CPU
		{C009E91B-9E65-433C-BBF0-EEBF6BBA1C8D}.|Any CPU.Build.0 = |Any CPU
		{3ED2725D-A659-42A6-A976-74DD60402F85}.|Any CPU.ActiveCfg = |Any CPU
		{3ED2725D-A659-42A6-A976-74DD60402F85}.|Any CPU.Build.0 = |Any CPU
		{5FA15624-1027-41B0-A115-174773EAA673}.|Any CPU.ActiveCfg = Debug|Any CPU
		{5FA15624-1027-41B0-A115-174773EAA673}.|Any CPU.Build.0 = Debug|Any CPU
		{95F7B072-E5E8-4AD2-BE8E-FCD3F4FF94E7}.|Any CPU.ActiveCfg = Debug|Any CPU
		{95F7B072-E5E8-4AD2-BE8E-FCD3F4FF94E7}.|Any CPU.Build.0 = Debug|Any CPU
		{E50396F6-8064-4DA6-A70F-76D30AF18D08}.|Any CPU.ActiveCfg = Debug|Any CPU
		{E50396F6-8064-4DA6-A70F-76D30AF18D08}.|Any CPU.Build.0 = Debug|Any CPU
		{0D5557FC-9CF8-4E01-B844-E59859347416}.|Any CPU.ActiveCfg = Debug|Any CPU
		{0D5557FC-9CF8-4E01-B844-E59859347416}.|Any CPU.Build.0 = Debug|Any CPU
		{DBFFF840-F885-4A57-B2CD-91AD46A4E692}.|Any CPU.ActiveCfg = Debug|Any CPU
		{DBFFF840-F885-4A57-B2CD-91AD46A4E692}.|Any CPU.Build.0 = Debug|Any CPU
		{C9FFAF66-2031-45E5-8E0A-E0ED1AF39724}.|Any CPU.ActiveCfg = Debug|Any CPU
		{C9FFAF66-2031-45E5-8E0A-E0ED1AF39724}.|Any CPU.Build.0 = Debug|Any CPU
		{EEAEDEFA-E765-4B0C-8251-AEA1CB3E9301}.|Any CPU.ActiveCfg = Debug|Any CPU
		{EEAEDEFA-E765-4B0C-8251-AEA1CB3E9301}.|Any CPU.Build.0 = Debug|Any CPU
		{71FA34EE-A384-485C-8080-B59F6B6EC52A}.|Any CPU.ActiveCfg = Debug|Any CPU
		{71FA34EE-A384-485C-8080-B59F6B6EC52A}.|Any CPU.Build.0 = Debug|Any CPU
		{A679690D-B461-4012-B800-F41A5F79A6C5}.|Any CPU.ActiveCfg = Debug|Any CPU
		{A679690D-B461-4012-B800-F41A5F79A6C5}.|Any CPU.Build.0 = Debug|Any CPU
		{C30A6D1B-A5D6-4132-AE11-5E3DC92984E1}.|Any CPU.ActiveCfg = Debug|Any CPU
		{C30A6D1B-A5D6-4132-AE11-5E3DC92984E1}.|Any CPU.Build.0 = Debug|Any CPU
		{42FBA59B-F914-4057-AFE5-5A3C9C2A6BE0}.|Any CPU.ActiveCfg = Debug|Any CPU
		{42FBA59B-F914-4057-AFE5-5A3C9C2A6BE0}.|Any CPU.Build.0 = Debug|Any CPU
		{8EE2607A-80DC-4855-AD4A-E6788ED54823}.|Any CPU.ActiveCfg = Debug|Any CPU
		{8EE2607A-80DC-4855-AD4A-E6788ED54823}.|Any CPU.Build.0 = Debug|Any CPU
		{429074F6-6BB3-4047-A8F3-1CB71CC2E46C}.|Any CPU.ActiveCfg = Debug|Any CPU
		{429074F6-6BB3-4047-A8F3-1CB71CC2E46C}.|Any CPU.Build.0 = Debug|Any CPU
		{AB8FDA1E-231E-4CD1-A15E-C737552075C2}.|Any CPU.ActiveCfg = Debug|Any CPU
		{AB8FDA1E-231E-4CD1-A15E-C737552075C2}.|Any CPU.Build.0 = Debug|Any CPU
		{7EA77DE7-DBAD-45B5-89CC-6B9B95D7A28E}.|Any CPU.ActiveCfg = Debug|Any CPU
		{7EA77DE7-DBAD-45B5-89CC-6B9B95D7A28E}.|Any CPU.Build.0 = Debug|Any CPU
		{ADDB8AD7-BCD7-4C43-AE9E-D7CE3D16E875}.|Any CPU.ActiveCfg = Debug|Any CPU
		{ADDB8AD7-BCD7-4C43-AE9E-D7CE3D16E875}.|Any CPU.Build.0 = Debug|Any CPU
		{BF7973C9-295F-4798-A46F-EA8A70B9BBE2}.|Any CPU.ActiveCfg = Debug|Any CPU
		{BF7973C9-295F-4798-A46F-EA8A70B9BBE2}.|Any CPU.Build.0 = Debug|Any CPU
		{0A1C884A-F9A9-48CE-A8CD-8B4F605572F3}.|Any CPU.ActiveCfg = Debug|Any CPU
		{0A1C884A-F9A9-48CE-A8CD-8B4F605572F3}.|Any CPU.Build.0 = Debug|Any CPU
		{F8766FBF-5EA6-4B00-B048-1431F23FEFC8}.|Any CPU.ActiveCfg = Debug|Any CPU
		{F8766FBF-5EA6-4B00-B048-1431F23FEFC8}.|Any CPU.Build.0 = Debug|Any CPU
		{ED270422-1BA9-47C8-A2FE-F4A1AE156949}.|Any CPU.ActiveCfg = Debug|Any CPU
		{ED270422-1BA9-47C8-A2FE-F4A1AE156949}.|Any CPU.Build.0 = Debug|Any CPU
		{29C7EEF9-CDCD-48D1-8353-73014D7F2659}.|Any CPU.ActiveCfg = Debug|Any CPU
		{29C7EEF9-CDCD-48D1-8353-73014D7F2659}.|Any CPU.Build.0 = Debug|Any CPU
		{65062608-B3DA-4DC3-AE74-9EADB0A92EA7}.|Any CPU.ActiveCfg = Debug|Any CPU
		{65062608-B3DA-4DC3-AE74-9EADB0A92EA7}.|Any CPU.Build.0 = Debug|Any CPU
		{C791CBD1-CDB8-41DE-8412-28698FDDDE00}.|Any CPU.ActiveCfg = Debug|Any CPU
		{C791CBD1-CDB8-41DE-8412-28698FDDDE00}.|Any CPU.Build.0 = Debug|Any CPU
		{C9D9DA76-D506-4517-8BB0-E8CC5198B3C5}.|Any CPU.ActiveCfg = Debug|Any CPU
		{C9D9DA76-D506-4517-8BB0-E8CC5198B3C5}.|Any CPU.Build.0 = Debug|Any CPU
		{A6DD4C82-78ED-4924-849D-5308F51C4B26}.|Any CPU.ActiveCfg = Debug|Any CPU
		{A6DD4C82-78ED-4924-849D-5308F51C4B26}.|Any CPU.Build.0 = Debug|Any CPU
		{6FC3A0AE-3CE2-40A5-B80C-D48B018EC253}.|Any CPU.ActiveCfg = Debug|Any CPU
		{6FC3A0AE-3CE2-40A5-B80C-D48B018EC253}.|Any CPU.Build.0 = Debug|Any CPU
		{D6128530-E044-43C9-A86B-57F57F484D77}.|Any CPU.ActiveCfg = Debug|Any CPU
		{D6128530-E044-43C9-A86B-57F57F484D77}.|Any CPU.Build.0 = Debug|Any CPU
		{F6C3C42B-5D7B-4C8C-8930-08E07FC8AFB3}.|Any CPU.ActiveCfg = Debug|Any CPU
		{F6C3C42B-5D7B-4C8C-8930-08E07FC8AFB3}.|Any CPU.Build.0 = Debug|Any CPU
		{BF19EBF7-F759-414C-8788-C3366CECB4DC}.|Any CPU.ActiveCfg = Debug|Any CPU
		{BF19EBF7-F759-414C-8788-C3366CECB4DC}.|Any CPU.Build.0 = Debug|Any CPU
		{177C5006-6895-43E5-B968-AFB938605255}.|Any CPU.ActiveCfg = Debug|Any CPU
		{177C5006-6895-43E5-B968-AFB938605255}.|Any CPU.Build.0 = Debug|Any CPU
		{8DE024D5-0FE0-4E0B-AC0E-A1BFD7F3CCB2}.|Any CPU.ActiveCfg = Debug|Any CPU
		{8DE024D5-0FE0-4E0B-AC0E-A1BFD7F3CCB2}.|Any CPU.Build.0 = Debug|Any CPU
		{1430D999-B376-40D4-BAA6-3E0135CC72ED}.|Any CPU.ActiveCfg = Debug|Any CPU
		{1430D999-B376-40D4-BAA6-3E0135CC72ED}.|Any CPU.Build.0 = Debug|Any CPU
		{04BE77AD-49A9-402D-87E1-A774B066F992}.|Any CPU.ActiveCfg = Debug|Any CPU
		{04BE77AD-49A9-402D-87E1-A774B066F992}.|Any CPU.Build.0 = Debug|Any CPU
		{5D0B9380-E377-4F24-8DAE-9EDCEC1265EE}.|Any CPU.ActiveCfg = Debug|Any CPU
		{5D0B9380-E377-4F24-8DAE-9EDCEC1265EE}.|Any CPU.Build.0 = Debug|Any CPU
		{EEC287B8-3A64-482E-9115-FAF5F984AF93}.|Any CPU.ActiveCfg = Debug|Any CPU
		{EEC287B8-3A64-482E-9115-FAF5F984AF93}.|Any CPU.Build.0 = Debug|Any CPU
		{53151488-80AA-4DED-85E4-94CC40F2D75F}.|Any CPU.ActiveCfg = Debug|Any CPU
		{53151488-80AA-4DED-85E4-94CC40F2D75F}.|Any CPU.Build.0 = Debug|Any CPU
		{BFF8BE79-65CF-46CC-8472-AE5CD30F2272}.|Any CPU.ActiveCfg = Debug|Any CPU
		{BFF8BE79-65CF-46CC-8472-AE5CD30F2272}.|Any CPU.Build.0 = Debug|Any CPU
		{91599A32-9509-4CD4-B509-E9A014AB4664}.|Any CPU.ActiveCfg = Debug|Any CPU
		{91599A32-9509-4CD4-B509-E9A014AB4664}.|Any CPU.Build.0 = Debug|Any CPU
		{9312C188-7CE4-41C9-8C37-E468F091F283}.|Any CPU.ActiveCfg = Debug|Any CPU
		{9312C188-7CE4-41C9-8C37-E468F091F283}.|Any CPU.Build.0 = Debug|Any CPU
		{7F9267D2-7517-44A7-B3C5-29E2418B8F85}.|Any CPU.ActiveCfg = Debug|Any CPU
		{7F9267D2-7517-44A7-B3C5-29E2418B8F85}.|Any CPU.Build.0 = Debug|Any CPU
		{A9310DE9-729B-4538-A4D5-01F3D134027C}.|Any CPU.ActiveCfg = Debug|Any CPU
		{A9310DE9-729B-4538-A4D5-01F3D134027C}.|Any CPU.Build.0 = Debug|Any CPU
		{E042D31C-1F00-47FC-9EFB-61D37CAAEEAB}.|Any CPU.ActiveCfg = Debug|Any CPU
		{E042D31C-1F00-47FC-9EFB-61D37CAAEEAB}.|Any CPU.Build.0 = Debug|Any CPU
		{3A4E5FF0-17D4-401C-A89B-B4EF6CB2A3E8}.|Any CPU.ActiveCfg = Debug|Any CPU
		{3A4E5FF0-17D4-401C-A89B-B4EF6CB2A3E8}.|Any CPU.Build.0 = Debug|Any CPU
		{6BE4C698-F772-45F6-84B0-E9C1C866AC2C}.|Any CPU.ActiveCfg = Debug|Any CPU
		{6BE4C698-F772-45F6-84B0-E9C1C866AC2C}.|Any CPU.Build.0 = Debug|Any CPU
	EndGlobalSection
	GlobalSection(SolutionConfigurationPlatforms) = preSolution
		|Any CPU = |Any CPU
	EndGlobalSection
EndGlobal
